
Microsoft Visual Studio Solution File, Format Version 12.00
# Visual Studio Version 16
VisualStudioVersion = 16.0.29025.244
MinimumVisualStudioVersion = 10.0.40219.1
Project("{FAE04EC0-301F-11D3-BF4B-00C04F79EFBC}") = "Socloo.Mobile.UWP", "Socloo.Mobile\Socloo.Mobile.UWP\Socloo.Mobile.UWP.csproj", "{916ACD37-06EA-4035-8427-05320DD450F7}"
EndProject
Project("{FAE04EC0-301F-11D3-BF4B-00C04F79EFBC}") = "Socloo.Mobile.Android", "Socloo.Mobile\Socloo.Mobile.Android\Socloo.Mobile.Android.csproj", "{8992AD8A-128C-425D-947B-5835412A0B16}"
EndProject
Project("{FAE04EC0-301F-11D3-BF4B-00C04F79EFBC}") = "Socloo.Mobile.iOS", "Socloo.Mobile\Socloo.Mobile.iOS\Socloo.Mobile.iOS.csproj", "{D8638F6D-DE55-40BD-BA86-0B92DF28A86F}"
EndProject
Project("{FAE04EC0-301F-11D3-BF4B-00C04F79EFBC}") = "Socloo.Mobile", "Socloo.Mobile\Socloo.Mobile\Socloo.Mobile.csproj", "{EAC6D498-F98A-43EF-9C1E-E506BBB23EFB}"
EndProject
Global
	GlobalSection(SolutionConfigurationPlatforms) = preSolution
		Debug|Any CPU = Debug|Any CPU
		Debug|ARM = Debug|ARM
		Debug|iPhone = Debug|iPhone
		Debug|iPhoneSimulator = Debug|iPhoneSimulator
		Debug|x64 = Debug|x64
		Debug|x86 = Debug|x86
		Release|Any CPU = Release|Any CPU
		Release|ARM = Release|ARM
		Release|iPhone = Release|iPhone
		Release|iPhoneSimulator = Release|iPhoneSimulator
		Release|x64 = Release|x64
		Release|x86 = Release|x86
	EndGlobalSection
	GlobalSection(ProjectConfigurationPlatforms) = postSolution
		{916ACD37-06EA-4035-8427-05320DD450F7}.Debug|Any CPU.ActiveCfg = Debug|x86
		{916ACD37-06EA-4035-8427-05320DD450F7}.Debug|ARM.ActiveCfg = Debug|ARM
		{916ACD37-06EA-4035-8427-05320DD450F7}.Debug|ARM.Build.0 = Debug|ARM
		{916ACD37-06EA-4035-8427-05320DD450F7}.Debug|ARM.Deploy.0 = Debug|ARM
		{916ACD37-06EA-4035-8427-05320DD450F7}.Debug|iPhone.ActiveCfg = Debug|x86
		{916ACD37-06EA-4035-8427-05320DD450F7}.Debug|iPhoneSimulator.ActiveCfg = Debug|x86
		{916ACD37-06EA-4035-8427-05320DD450F7}.Debug|x64.ActiveCfg = Debug|x64
		{916ACD37-06EA-4035-8427-05320DD450F7}.Debug|x64.Build.0 = Debug|x64
		{916ACD37-06EA-4035-8427-05320DD450F7}.Debug|x64.Deploy.0 = Debug|x64
		{916ACD37-06EA-4035-8427-05320DD450F7}.Debug|x86.ActiveCfg = Debug|x86
		{916ACD37-06EA-4035-8427-05320DD450F7}.Debug|x86.Build.0 = Debug|x86
		{916ACD37-06EA-4035-8427-05320DD450F7}.Debug|x86.Deploy.0 = Debug|x86
		{916ACD37-06EA-4035-8427-05320DD450F7}.Release|Any CPU.ActiveCfg = Release|x86
		{916ACD37-06EA-4035-8427-05320DD450F7}.Release|ARM.ActiveCfg = Release|ARM
		{916ACD37-06EA-4035-8427-05320DD450F7}.Release|ARM.Build.0 = Release|ARM
		{916ACD37-06EA-4035-8427-05320DD450F7}.Release|ARM.Deploy.0 = Release|ARM
		{916ACD37-06EA-4035-8427-05320DD450F7}.Release|iPhone.ActiveCfg = Release|x86
		{916ACD37-06EA-4035-8427-05320DD450F7}.Release|iPhoneSimulator.ActiveCfg = Release|x86
		{916ACD37-06EA-4035-8427-05320DD450F7}.Release|x64.ActiveCfg = Release|x64
		{916ACD37-06EA-4035-8427-05320DD450F7}.Release|x64.Build.0 = Release|x64
		{916ACD37-06EA-4035-8427-05320DD450F7}.Release|x64.Deploy.0 = Release|x64
		{916ACD37-06EA-4035-8427-05320DD450F7}.Release|x86.ActiveCfg = Release|x86
		{916ACD37-06EA-4035-8427-05320DD450F7}.Release|x86.Build.0 = Release|x86
		{916ACD37-06EA-4035-8427-05320DD450F7}.Release|x86.Deploy.0 = Release|x86
		{8992AD8A-128C-425D-947B-5835412A0B16}.Debug|Any CPU.ActiveCfg = Debug|Any CPU
		{8992AD8A-128C-425D-947B-5835412A0B16}.Debug|Any CPU.Build.0 = Debug|Any CPU
		{8992AD8A-128C-425D-947B-5835412A0B16}.Debug|Any CPU.Deploy.0 = Debug|Any CPU
		{8992AD8A-128C-425D-947B-5835412A0B16}.Debug|ARM.ActiveCfg = Debug|Any CPU
		{8992AD8A-128C-425D-947B-5835412A0B16}.Debug|ARM.Build.0 = Debug|Any CPU
		{8992AD8A-128C-425D-947B-5835412A0B16}.Debug|ARM.Deploy.0 = Debug|Any CPU
		{8992AD8A-128C-425D-947B-5835412A0B16}.Debug|iPhone.ActiveCfg = Debug|Any CPU
		{8992AD8A-128C-425D-947B-5835412A0B16}.Debug|iPhone.Build.0 = Debug|Any CPU
		{8992AD8A-128C-425D-947B-5835412A0B16}.Debug|iPhone.Deploy.0 = Debug|Any CPU
		{8992AD8A-128C-425D-947B-5835412A0B16}.Debug|iPhoneSimulator.ActiveCfg = Debug|Any CPU
		{8992AD8A-128C-425D-947B-5835412A0B16}.Debug|iPhoneSimulator.Build.0 = Debug|Any CPU
		{8992AD8A-128C-425D-947B-5835412A0B16}.Debug|iPhoneSimulator.Deploy.0 = Debug|Any CPU
		{8992AD8A-128C-425D-947B-5835412A0B16}.Debug|x64.ActiveCfg = Debug|Any CPU
		{8992AD8A-128C-425D-947B-5835412A0B16}.Debug|x64.Build.0 = Debug|Any CPU
		{8992AD8A-128C-425D-947B-5835412A0B16}.Debug|x64.Deploy.0 = Debug|Any CPU
		{8992AD8A-128C-425D-947B-5835412A0B16}.Debug|x86.ActiveCfg = Debug|Any CPU
		{8992AD8A-128C-425D-947B-5835412A0B16}.Debug|x86.Build.0 = Debug|Any CPU
		{8992AD8A-128C-425D-947B-5835412A0B16}.Debug|x86.Deploy.0 = Debug|Any CPU
		{8992AD8A-128C-425D-947B-5835412A0B16}.Release|Any CPU.ActiveCfg = Release|Any CPU
		{8992AD8A-128C-425D-947B-5835412A0B16}.Release|Any CPU.Build.0 = Release|Any CPU
		{8992AD8A-128C-425D-947B-5835412A0B16}.Release|Any CPU.Deploy.0 = Release|Any CPU
		{8992AD8A-128C-425D-947B-5835412A0B16}.Release|ARM.ActiveCfg = Release|Any CPU
		{8992AD8A-128C-425D-947B-5835412A0B16}.Release|ARM.Build.0 = Release|Any CPU
		{8992AD8A-128C-425D-947B-5835412A0B16}.Release|ARM.Deploy.0 = Release|Any CPU
		{8992AD8A-128C-425D-947B-5835412A0B16}.Release|iPhone.ActiveCfg = Release|Any CPU
		{8992AD8A-128C-425D-947B-5835412A0B16}.Release|iPhone.Build.0 = Release|Any CPU
		{8992AD8A-128C-425D-947B-5835412A0B16}.Release|iPhone.Deploy.0 = Release|Any CPU
		{8992AD8A-128C-425D-947B-5835412A0B16}.Release|iPhoneSimulator.ActiveCfg = Release|Any CPU
		{8992AD8A-128C-425D-947B-5835412A0B16}.Release|iPhoneSimulator.Build.0 = Release|Any CPU
		{8992AD8A-128C-425D-947B-5835412A0B16}.Release|iPhoneSimulator.Deploy.0 = Release|Any CPU
		{8992AD8A-128C-425D-947B-5835412A0B16}.Release|x64.ActiveCfg = Release|Any CPU
		{8992AD8A-128C-425D-947B-5835412A0B16}.Release|x64.Build.0 = Release|Any CPU
		{8992AD8A-128C-425D-947B-5835412A0B16}.Release|x64.Deploy.0 = Release|Any CPU
		{8992AD8A-128C-425D-947B-5835412A0B16}.Release|x86.ActiveCfg = Release|Any CPU
		{8992AD8A-128C-425D-947B-5835412A0B16}.Release|x86.Build.0 = Release|Any CPU
		{8992AD8A-128C-425D-947B-5835412A0B16}.Release|x86.Deploy.0 = Release|Any CPU
		{D8638F6D-DE55-40BD-BA86-0B92DF28A86F}.Debug|Any CPU.ActiveCfg = Debug|iPhone
		{D8638F6D-DE55-40BD-BA86-0B92DF28A86F}.Debug|ARM.ActiveCfg = Debug|iPhone
		{D8638F6D-DE55-40BD-BA86-0B92DF28A86F}.Debug|iPhone.ActiveCfg = Debug|iPhone
		{D8638F6D-DE55-40BD-BA86-0B92DF28A86F}.Debug|iPhone.Build.0 = Debug|iPhone
		{D8638F6D-DE55-40BD-BA86-0B92DF28A86F}.Debug|iPhoneSimulator.ActiveCfg = Debug|iPhoneSimulator
		{D8638F6D-DE55-40BD-BA86-0B92DF28A86F}.Debug|iPhoneSimulator.Build.0 = Debug|iPhoneSimulator
		{D8638F6D-DE55-40BD-BA86-0B92DF28A86F}.Debug|x64.ActiveCfg = Debug|iPhone
		{D8638F6D-DE55-40BD-BA86-0B92DF28A86F}.Debug|x86.ActiveCfg = Debug|iPhone
		{D8638F6D-DE55-40BD-BA86-0B92DF28A86F}.Release|Any CPU.ActiveCfg = Release|iPhone
		{D8638F6D-DE55-40BD-BA86-0B92DF28A86F}.Release|ARM.ActiveCfg = Release|iPhone
		{D8638F6D-DE55-40BD-BA86-0B92DF28A86F}.Release|iPhone.ActiveCfg = Release|iPhone
		{D8638F6D-DE55-40BD-BA86-0B92DF28A86F}.Release|iPhone.Build.0 = Release|iPhone
		{D8638F6D-DE55-40BD-BA86-0B92DF28A86F}.Release|iPhoneSimulator.ActiveCfg = Release|iPhoneSimulator
		{D8638F6D-DE55-40BD-BA86-0B92DF28A86F}.Release|iPhoneSimulator.Build.0 = Release|iPhoneSimulator
		{D8638F6D-DE55-40BD-BA86-0B92DF28A86F}.Release|x64.ActiveCfg = Release|iPhone
		{D8638F6D-DE55-40BD-BA86-0B92DF28A86F}.Release|x86.ActiveCfg = Release|iPhone
		{EAC6D498-F98A-43EF-9C1E-E506BBB23EFB}.Debug|Any CPU.ActiveCfg = Debug|Any CPU
		{EAC6D498-F98A-43EF-9C1E-E506BBB23EFB}.Debug|Any CPU.Build.0 = Debug|Any CPU
		{EAC6D498-F98A-43EF-9C1E-E506BBB23EFB}.Debug|ARM.ActiveCfg = Debug|Any CPU
		{EAC6D498-F98A-43EF-9C1E-E506BBB23EFB}.Debug|ARM.Build.0 = Debug|Any CPU
		{EAC6D498-F98A-43EF-9C1E-E506BBB23EFB}.Debug|iPhone.ActiveCfg = Debug|Any CPU
		{EAC6D498-F98A-43EF-9C1E-E506BBB23EFB}.Debug|iPhone.Build.0 = Debug|Any CPU
		{EAC6D498-F98A-43EF-9C1E-E506BBB23EFB}.Debug|iPhoneSimulator.ActiveCfg = Debug|Any CPU
		{EAC6D498-F98A-43EF-9C1E-E506BBB23EFB}.Debug|iPhoneSimulator.Build.0 = Debug|Any CPU
		{EAC6D498-F98A-43EF-9C1E-E506BBB23EFB}.Debug|x64.ActiveCfg = Debug|Any CPU
		{EAC6D498-F98A-43EF-9C1E-E506BBB23EFB}.Debug|x64.Build.0 = Debug|Any CPU
		{EAC6D498-F98A-43EF-9C1E-E506BBB23EFB}.Debug|x86.ActiveCfg = Debug|Any CPU
		{EAC6D498-F98A-43EF-9C1E-E506BBB23EFB}.Debug|x86.Build.0 = Debug|Any CPU
		{EAC6D498-F98A-43EF-9C1E-E506BBB23EFB}.Release|Any CPU.ActiveCfg = Release|Any CPU
		{EAC6D498-F98A-43EF-9C1E-E506BBB23EFB}.Release|Any CPU.Build.0 = Release|Any CPU
		{EAC6D498-F98A-43EF-9C1E-E506BBB23EFB}.Release|ARM.ActiveCfg = Release|Any CPU
		{EAC6D498-F98A-43EF-9C1E-E506BBB23EFB}.Release|ARM.Build.0 = Release|Any CPU
		{EAC6D498-F98A-43EF-9C1E-E506BBB23EFB}.Release|iPhone.ActiveCfg = Release|Any CPU
		{EAC6D498-F98A-43EF-9C1E-E506BBB23EFB}.Release|iPhone.Build.0 = Release|Any CPU
		{EAC6D498-F98A-43EF-9C1E-E506BBB23EFB}.Release|iPhoneSimulator.ActiveCfg = Release|Any CPU
		{EAC6D498-F98A-43EF-9C1E-E506BBB23EFB}.Release|iPhoneSimulator.Build.0 = Release|Any CPU
		{EAC6D498-F98A-43EF-9C1E-E506BBB23EFB}.Release|x64.ActiveCfg = Release|Any CPU
		{EAC6D498-F98A-43EF-9C1E-E506BBB23EFB}.Release|x64.Build.0 = Release|Any CPU
		{EAC6D498-F98A-43EF-9C1E-E506BBB23EFB}.Release|x86.ActiveCfg = Release|Any CPU
		{EAC6D498-F98A-43EF-9C1E-E506BBB23EFB}.Release|x86.Build.0 = Release|Any CPU
	EndGlobalSection
	GlobalSection(SolutionProperties) = preSolution
		HideSolutionNode = FALSE
	EndGlobalSection
	GlobalSection(ExtensibilityGlobals) = postSolution
		SolutionGuid = {896DA1B7-03E8-478F-88E1-D0D6E9A7E090}
	EndGlobalSection
EndGlobal
